
Microsoft Visual Studio Solution File, Format Version 12.00
# Visual Studio Version 16
VisualStudioVersion = 16.0.30114.105
MinimumVisualStudioVersion = 10.0.40219.1
Project("{9A19103F-16F7-4668-BE54-9A1E7A4F7556}") = "WasmServer.Server", "WasmServer\Server\WasmServer.Server.csproj", "{6F821DE7-8570-48A3-A964-1ED13ED39FEE}"
EndProject
Project("{9A19103F-16F7-4668-BE54-9A1E7A4F7556}") = "WasmServer.Client", "WasmServer\Client\WasmServer.Client.csproj", "{B786EFE9-9B42-48C4-B3BC-6739BB5DB9B1}"
EndProject
Project("{9A19103F-16F7-4668-BE54-9A1E7A4F7556}") = "WasmServer.Shared", "WasmServer\Shared\WasmServer.Shared.csproj", "{971BD43A-BF43-430F-9E06-432369F56FF9}"
EndProject
Global
	GlobalSection(SolutionConfigurationPlatforms) = preSolution
		Debug|Any CPU = Debug|Any CPU
		Release|Any CPU = Release|Any CPU
	EndGlobalSection
	GlobalSection(ProjectConfigurationPlatforms) = postSolution
		{6F821DE7-8570-48A3-A964-1ED13ED39FEE}.Debug|Any CPU.ActiveCfg = Debug|Any CPU
		{6F821DE7-8570-48A3-A964-1ED13ED39FEE}.Debug|Any CPU.Build.0 = Debug|Any CPU
		{6F821DE7-8570-48A3-A964-1ED13ED39FEE}.Release|Any CPU.ActiveCfg = Release|Any CPU
		{6F821DE7-8570-48A3-A964-1ED13ED39FEE}.Release|Any CPU.Build.0 = Release|Any CPU
		{B786EFE9-9B42-48C4-B3BC-6739BB5DB9B1}.Debug|Any CPU.ActiveCfg = Debug|Any CPU
		{B786EFE9-9B42-48C4-B3BC-6739BB5DB9B1}.Debug|Any CPU.Build.0 = Debug|Any CPU
		{B786EFE9-9B42-48C4-B3BC-6739BB5DB9B1}.Release|Any CPU.ActiveCfg = Release|Any CPU
		{B786EFE9-9B42-48C4-B3BC-6739BB5DB9B1}.Release|Any CPU.Build.0 = Release|Any CPU
		{971BD43A-BF43-430F-9E06-432369F56FF9}.Debug|Any CPU.ActiveCfg = Debug|Any CPU
		{971BD43A-BF43-430F-9E06-432369F56FF9}.Debug|Any CPU.Build.0 = Debug|Any CPU
		{971BD43A-BF43-430F-9E06-432369F56FF9}.Release|Any CPU.ActiveCfg = Release|Any CPU
		{971BD43A-BF43-430F-9E06-432369F56FF9}.Release|Any CPU.Build.0 = Release|Any CPU
	EndGlobalSection
	GlobalSection(SolutionProperties) = preSolution
		HideSolutionNode = FALSE
	EndGlobalSection
	GlobalSection(ExtensibilityGlobals) = postSolution
		SolutionGuid = {D95FB48B-D714-4560-BB8A-20C75D3518C5}
	EndGlobalSection
EndGlobal
